
Microsoft Visual Studio Solution File, Format Version 12.00
# Visual Studio Version 17
VisualStudioVersion = 17.8.34330.188
MinimumVisualStudioVersion = 10.0.40219.1
Project("{FAE04EC0-301F-11D3-BF4B-00C04F79EFBC}") = "Syncfusion_web", "Syncfusion_web\Syncfusion_web.csproj", "{3E5A44E1-19D2-4C64-BFC3-3D7F21F6C1CB}"
EndProject
Global
	GlobalSection(SolutionConfigurationPlatforms) = preSolution
		Debug|Any CPU = Debug|Any CPU
		Release|Any CPU = Release|Any CPU
	EndGlobalSection
	GlobalSection(ProjectConfigurationPlatforms) = postSolution
		{3E5A44E1-19D2-4C64-BFC3-3D7F21F6C1CB}.Debug|Any CPU.ActiveCfg = Debug|Any CPU
		{3E5A44E1-19D2-4C64-BFC3-3D7F21F6C1CB}.Debug|Any CPU.Build.0 = Debug|Any CPU
		{3E5A44E1-19D2-4C64-BFC3-3D7F21F6C1CB}.Release|Any CPU.ActiveCfg = Release|Any CPU
		{3E5A44E1-19D2-4C64-BFC3-3D7F21F6C1CB}.Release|Any CPU.Build.0 = Release|Any CPU
	EndGlobalSection
	GlobalSection(SolutionProperties) = preSolution
		HideSolutionNode = FALSE
	EndGlobalSection
	GlobalSection(ExtensibilityGlobals) = postSolution
		SolutionGuid = {EA86A605-3DFD-4C04-B042-B0910C122D0F}
	EndGlobalSection
EndGlobal
