
Microsoft Visual Studio Solution File, Format Version 12.00
# Visual Studio Version 17
VisualStudioVersion = 17.8.34330.188
MinimumVisualStudioVersion = 10.0.40219.1
Project("{2150E333-8FDC-42A3-9474-1A3956D46DE8}") = "DevExtreme NuGet.config", "DevExtreme NuGet.config", "{7F6CA299-2C51-48A8-867E-2990F3ECFA40}"
	ProjectSection(SolutionItems) = preProject
		NuGet.config = NuGet.config
	EndProjectSection
EndProject
Project("{9A19103F-16F7-4668-BE54-9A1E7A4F7556}") = "syncfusion_web", "Syncfusion_web\syncfusion_web.csproj", "{65346E38-F4F2-463F-AA4E-4AD61B62D502}"
EndProject
Project("{9A19103F-16F7-4668-BE54-9A1E7A4F7556}") = "devExtreme_sample_web", "devExtreme_sample_web\devExtreme_sample_web.csproj", "{832D04CA-7E59-4B2E-A70C-B4AF3BE09988}"
EndProject
Project("{FAE04EC0-301F-11D3-BF4B-00C04F79EFBC}") = "datatable_js_web", "datatable_js_web\datatable_js_web.csproj", "{2EF17D34-1C05-4EBE-AD8A-F9207F32B2D5}"
EndProject
Global
	GlobalSection(SolutionConfigurationPlatforms) = preSolution
		Debug|Any CPU = Debug|Any CPU
		Release|Any CPU = Release|Any CPU
	EndGlobalSection
	GlobalSection(ProjectConfigurationPlatforms) = postSolution
		{65346E38-F4F2-463F-AA4E-4AD61B62D502}.Debug|Any CPU.ActiveCfg = Debug|Any CPU
		{65346E38-F4F2-463F-AA4E-4AD61B62D502}.Debug|Any CPU.Build.0 = Debug|Any CPU
		{65346E38-F4F2-463F-AA4E-4AD61B62D502}.Release|Any CPU.ActiveCfg = Release|Any CPU
		{65346E38-F4F2-463F-AA4E-4AD61B62D502}.Release|Any CPU.Build.0 = Release|Any CPU
		{832D04CA-7E59-4B2E-A70C-B4AF3BE09988}.Debug|Any CPU.ActiveCfg = Debug|Any CPU
		{832D04CA-7E59-4B2E-A70C-B4AF3BE09988}.Debug|Any CPU.Build.0 = Debug|Any CPU
		{832D04CA-7E59-4B2E-A70C-B4AF3BE09988}.Release|Any CPU.ActiveCfg = Release|Any CPU
		{832D04CA-7E59-4B2E-A70C-B4AF3BE09988}.Release|Any CPU.Build.0 = Release|Any CPU
		{2EF17D34-1C05-4EBE-AD8A-F9207F32B2D5}.Debug|Any CPU.ActiveCfg = Debug|Any CPU
		{2EF17D34-1C05-4EBE-AD8A-F9207F32B2D5}.Debug|Any CPU.Build.0 = Debug|Any CPU
		{2EF17D34-1C05-4EBE-AD8A-F9207F32B2D5}.Release|Any CPU.ActiveCfg = Release|Any CPU
		{2EF17D34-1C05-4EBE-AD8A-F9207F32B2D5}.Release|Any CPU.Build.0 = Release|Any CPU
	EndGlobalSection
	GlobalSection(SolutionProperties) = preSolution
		HideSolutionNode = FALSE
	EndGlobalSection
	GlobalSection(ExtensibilityGlobals) = postSolution
		SolutionGuid = {CB0C214B-DADF-40B0-9C5D-C01F84038700}
	EndGlobalSection
EndGlobal
